
Microsoft Visual Studio Solution File, Format Version 12.00
# Visual Studio 15
VisualStudioVersion = 15.0.28307.1022
MinimumVisualStudioVersion = 10.0.40219.1
Project("{FAE04EC0-301F-11D3-BF4B-00C04F79EFBC}") = "GoshenJimenez.EmployeeQueries.Windows", "GoshenJimenez.EmployeeQueries.Windows\GoshenJimenez.EmployeeQueries.Windows.csproj", "{A6C366A2-69ED-4063-882D-F4C991C94CA6}"
EndProject
Global
	GlobalSection(SolutionConfigurationPlatforms) = preSolution
		Debug|Any CPU = Debug|Any CPU
		Release|Any CPU = Release|Any CPU
	EndGlobalSection
	GlobalSection(ProjectConfigurationPlatforms) = postSolution
		{A6C366A2-69ED-4063-882D-F4C991C94CA6}.Debug|Any CPU.ActiveCfg = Debug|Any CPU
		{A6C366A2-69ED-4063-882D-F4C991C94CA6}.Debug|Any CPU.Build.0 = Debug|Any CPU
		{A6C366A2-69ED-4063-882D-F4C991C94CA6}.Release|Any CPU.ActiveCfg = Release|Any CPU
		{A6C366A2-69ED-4063-882D-F4C991C94CA6}.Release|Any CPU.Build.0 = Release|Any CPU
	EndGlobalSection
	GlobalSection(SolutionProperties) = preSolution
		HideSolutionNode = FALSE
	EndGlobalSection
	GlobalSection(ExtensibilityGlobals) = postSolution
		SolutionGuid = {149F5F82-201E-488F-8EB9-BC5FC6906205}
	EndGlobalSection
EndGlobal
